
Microsoft Visual Studio Solution File, Format Version 12.00
# Visual Studio Version 17
VisualStudioVersion = 17.4.33213.308
MinimumVisualStudioVersion = 10.0.40219.1
Project("{8BC9CEB8-8B4A-11D0-8D11-00A0C91BC942}") = "Sem4.2", "Sem4.2.vcxproj", "{A3B80850-58D5-41E3-ACD0-814ED6D80A8C}"
EndProject
Global
	GlobalSection(SolutionConfigurationPlatforms) = preSolution
		Debug|x64 = Debug|x64
		Debug|x86 = Debug|x86
		Release|x64 = Release|x64
		Release|x86 = Release|x86
	EndGlobalSection
	GlobalSection(ProjectConfigurationPlatforms) = postSolution
		{A3B80850-58D5-41E3-ACD0-814ED6D80A8C}.Debug|x64.ActiveCfg = Debug|x64
		{A3B80850-58D5-41E3-ACD0-814ED6D80A8C}.Debug|x64.Build.0 = Debug|x64
		{A3B80850-58D5-41E3-ACD0-814ED6D80A8C}.Debug|x86.ActiveCfg = Debug|Win32
		{A3B80850-58D5-41E3-ACD0-814ED6D80A8C}.Debug|x86.Build.0 = Debug|Win32
		{A3B80850-58D5-41E3-ACD0-814ED6D80A8C}.Release|x64.ActiveCfg = Release|x64
		{A3B80850-58D5-41E3-ACD0-814ED6D80A8C}.Release|x64.Build.0 = Release|x64
		{A3B80850-58D5-41E3-ACD0-814ED6D80A8C}.Release|x86.ActiveCfg = Release|Win32
		{A3B80850-58D5-41E3-ACD0-814ED6D80A8C}.Release|x86.Build.0 = Release|Win32
	EndGlobalSection
	GlobalSection(SolutionProperties) = preSolution
		HideSolutionNode = FALSE
	EndGlobalSection
	GlobalSection(ExtensibilityGlobals) = postSolution
		SolutionGuid = {AD96C1B9-CE6A-411E-B2DD-144D198B4A22}
	EndGlobalSection
EndGlobal
